
Microsoft Visual Studio Solution File, Format Version 11.00
# Visual Studio 2010
Project("{FAE04EC0-301F-11D3-BF4B-00C04F79EFBC}") = "Assembly-CSharp", "Assembly-CSharp.csproj", "{37722134-6C19-B423-5A59-52861F678CDC}"
EndProject
Project("{FAE04EC0-301F-11D3-BF4B-00C04F79EFBC}") = "Assembly-CSharp-Editor-firstpass", "Assembly-CSharp-Editor-firstpass.csproj", "{D9C7C10E-A0A3-F920-8D02-9F59BB2B4C5F}"
EndProject
Project("{FAE04EC0-301F-11D3-BF4B-00C04F79EFBC}") = "EditorMigrationScripts", "EditorMigrationScripts.csproj", "{0F210D3E-EF27-5444-BADC-B06179FC0113}"
EndProject
Global
	GlobalSection(SolutionConfigurationPlatforms) = preSolution
		Debug|Any CPU = Debug|Any CPU
		Release|Any CPU = Release|Any CPU
	EndGlobalSection
	GlobalSection(ProjectConfigurationPlatforms) = postSolution
		{37722134-6C19-B423-5A59-52861F678CDC}.Debug|Any CPU.ActiveCfg = Debug|Any CPU
		{37722134-6C19-B423-5A59-52861F678CDC}.Debug|Any CPU.Build.0 = Debug|Any CPU
		{37722134-6C19-B423-5A59-52861F678CDC}.Release|Any CPU.ActiveCfg = Release|Any CPU
		{37722134-6C19-B423-5A59-52861F678CDC}.Release|Any CPU.Build.0 = Release|Any CPU
		{D9C7C10E-A0A3-F920-8D02-9F59BB2B4C5F}.Debug|Any CPU.ActiveCfg = Debug|Any CPU
		{D9C7C10E-A0A3-F920-8D02-9F59BB2B4C5F}.Debug|Any CPU.Build.0 = Debug|Any CPU
		{D9C7C10E-A0A3-F920-8D02-9F59BB2B4C5F}.Release|Any CPU.ActiveCfg = Release|Any CPU
		{D9C7C10E-A0A3-F920-8D02-9F59BB2B4C5F}.Release|Any CPU.Build.0 = Release|Any CPU
		{0F210D3E-EF27-5444-BADC-B06179FC0113}.Debug|Any CPU.ActiveCfg = Debug|Any CPU
		{0F210D3E-EF27-5444-BADC-B06179FC0113}.Debug|Any CPU.Build.0 = Debug|Any CPU
		{0F210D3E-EF27-5444-BADC-B06179FC0113}.Release|Any CPU.ActiveCfg = Release|Any CPU
		{0F210D3E-EF27-5444-BADC-B06179FC0113}.Release|Any CPU.Build.0 = Release|Any CPU
	EndGlobalSection
	GlobalSection(SolutionProperties) = preSolution
		HideSolutionNode = FALSE
	EndGlobalSection
	GlobalSection(MonoDevelopProperties) = preSolution
		StartupItem = Assembly-CSharp.csproj
	EndGlobalSection
EndGlobal
